
Microsoft Visual Studio Solution File, Format Version 12.00
# Visual Studio Version 17
VisualStudioVersion = 17.14.36109.1 d17.14
MinimumVisualStudioVersion = 10.0.40219.1
Project("{FAE04EC0-301F-11D3-BF4B-00C04F79EFBC}") = "Training_Application", "Training_Application\Training_Application.csproj", "{9EB09C63-C561-4DC7-A6C4-62AA7492D496}"
EndProject
Global
	GlobalSection(SolutionConfigurationPlatforms) = preSolution
		Debug|Any CPU = Debug|Any CPU
		Release|Any CPU = Release|Any CPU
	EndGlobalSection
	GlobalSection(ProjectConfigurationPlatforms) = postSolution
		{9EB09C63-C561-4DC7-A6C4-62AA7492D496}.Debug|Any CPU.ActiveCfg = Debug|Any CPU
		{9EB09C63-C561-4DC7-A6C4-62AA7492D496}.Debug|Any CPU.Build.0 = Debug|Any CPU
		{9EB09C63-C561-4DC7-A6C4-62AA7492D496}.Release|Any CPU.ActiveCfg = Release|Any CPU
		{9EB09C63-C561-4DC7-A6C4-62AA7492D496}.Release|Any CPU.Build.0 = Release|Any CPU
	EndGlobalSection
	GlobalSection(SolutionProperties) = preSolution
		HideSolutionNode = FALSE
	EndGlobalSection
	GlobalSection(ExtensibilityGlobals) = postSolution
		SolutionGuid = {BF7AA29E-3845-4AE5-A274-05A81F15A0F7}
	EndGlobalSection
EndGlobal
